
Microsoft Visual Studio Solution File, Format Version 12.00
# Visual Studio Version 17
VisualStudioVersion = 17.3.32825.248
MinimumVisualStudioVersion = 10.0.40219.1
Project("{9A19103F-16F7-4668-BE54-9A1E7A4F7556}") = "DocumentComparisonApp", "src\DocumentComparisonApp.csproj", "{28C535C5-93DF-41C1-9BBC-9E880990C874}"
EndProject
Project("{C7167F0D-BC9F-4E6E-AFE1-012C56B48DB5}") = "PackagingProject", "PackagingProject\PackagingProject.wapproj", "{222394A3-D603-4142-A300-BB099DF4DB7F}"
EndProject
Global
	GlobalSection(SolutionConfigurationPlatforms) = preSolution
		Debug|Any CPU = Debug|Any CPU
		Debug|ARM = Debug|ARM
		Debug|ARM64 = Debug|ARM64
		Debug|x64 = Debug|x64
		Debug|x86 = Debug|x86
		Demo|Any CPU = Demo|Any CPU
		Demo|ARM = Demo|ARM
		Demo|ARM64 = Demo|ARM64
		Demo|x64 = Demo|x64
		Demo|x86 = Demo|x86
		Release|Any CPU = Release|Any CPU
		Release|ARM = Release|ARM
		Release|ARM64 = Release|ARM64
		Release|x64 = Release|x64
		Release|x86 = Release|x86
	EndGlobalSection
	GlobalSection(ProjectConfigurationPlatforms) = postSolution
		{28C535C5-93DF-41C1-9BBC-9E880990C874}.Debug|Any CPU.ActiveCfg = Debug|Any CPU
		{28C535C5-93DF-41C1-9BBC-9E880990C874}.Debug|Any CPU.Build.0 = Debug|Any CPU
		{28C535C5-93DF-41C1-9BBC-9E880990C874}.Debug|ARM.ActiveCfg = Debug|Any CPU
		{28C535C5-93DF-41C1-9BBC-9E880990C874}.Debug|ARM.Build.0 = Debug|Any CPU
		{28C535C5-93DF-41C1-9BBC-9E880990C874}.Debug|ARM64.ActiveCfg = Debug|Any CPU
		{28C535C5-93DF-41C1-9BBC-9E880990C874}.Debug|ARM64.Build.0 = Debug|Any CPU
		{28C535C5-93DF-41C1-9BBC-9E880990C874}.Debug|x64.ActiveCfg = Debug|Any CPU
		{28C535C5-93DF-41C1-9BBC-9E880990C874}.Debug|x64.Build.0 = Debug|Any CPU
		{28C535C5-93DF-41C1-9BBC-9E880990C874}.Debug|x86.ActiveCfg = Debug|Any CPU
		{28C535C5-93DF-41C1-9BBC-9E880990C874}.Debug|x86.Build.0 = Debug|Any CPU
		{28C535C5-93DF-41C1-9BBC-9E880990C874}.Demo|Any CPU.ActiveCfg = Demo|Any CPU
		{28C535C5-93DF-41C1-9BBC-9E880990C874}.Demo|Any CPU.Build.0 = Demo|Any CPU
		{28C535C5-93DF-41C1-9BBC-9E880990C874}.Demo|ARM.ActiveCfg = Demo|Any CPU
		{28C535C5-93DF-41C1-9BBC-9E880990C874}.Demo|ARM.Build.0 = Demo|Any CPU
		{28C535C5-93DF-41C1-9BBC-9E880990C874}.Demo|ARM64.ActiveCfg = Demo|Any CPU
		{28C535C5-93DF-41C1-9BBC-9E880990C874}.Demo|ARM64.Build.0 = Demo|Any CPU
		{28C535C5-93DF-41C1-9BBC-9E880990C874}.Demo|x64.ActiveCfg = Demo|Any CPU
		{28C535C5-93DF-41C1-9BBC-9E880990C874}.Demo|x64.Build.0 = Demo|Any CPU
		{28C535C5-93DF-41C1-9BBC-9E880990C874}.Demo|x86.ActiveCfg = Demo|Any CPU
		{28C535C5-93DF-41C1-9BBC-9E880990C874}.Demo|x86.Build.0 = Demo|Any CPU
		{28C535C5-93DF-41C1-9BBC-9E880990C874}.Release|Any CPU.ActiveCfg = Release|Any CPU
		{28C535C5-93DF-41C1-9BBC-9E880990C874}.Release|Any CPU.Build.0 = Release|Any CPU
		{28C535C5-93DF-41C1-9BBC-9E880990C874}.Release|ARM.ActiveCfg = Release|Any CPU
		{28C535C5-93DF-41C1-9BBC-9E880990C874}.Release|ARM.Build.0 = Release|Any CPU
		{28C535C5-93DF-41C1-9BBC-9E880990C874}.Release|ARM64.ActiveCfg = Release|Any CPU
		{28C535C5-93DF-41C1-9BBC-9E880990C874}.Release|ARM64.Build.0 = Release|Any CPU
		{28C535C5-93DF-41C1-9BBC-9E880990C874}.Release|x64.ActiveCfg = Release|Any CPU
		{28C535C5-93DF-41C1-9BBC-9E880990C874}.Release|x64.Build.0 = Release|Any CPU
		{28C535C5-93DF-41C1-9BBC-9E880990C874}.Release|x86.ActiveCfg = Release|Any CPU
		{28C535C5-93DF-41C1-9BBC-9E880990C874}.Release|x86.Build.0 = Release|Any CPU
		{222394A3-D603-4142-A300-BB099DF4DB7F}.Debug|Any CPU.ActiveCfg = Debug|Any CPU
		{222394A3-D603-4142-A300-BB099DF4DB7F}.Debug|Any CPU.Build.0 = Debug|Any CPU
		{222394A3-D603-4142-A300-BB099DF4DB7F}.Debug|Any CPU.Deploy.0 = Debug|Any CPU
		{222394A3-D603-4142-A300-BB099DF4DB7F}.Debug|ARM.ActiveCfg = Debug|ARM
		{222394A3-D603-4142-A300-BB099DF4DB7F}.Debug|ARM.Build.0 = Debug|ARM
		{222394A3-D603-4142-A300-BB099DF4DB7F}.Debug|ARM.Deploy.0 = Debug|ARM
		{222394A3-D603-4142-A300-BB099DF4DB7F}.Debug|ARM64.ActiveCfg = Debug|ARM64
		{222394A3-D603-4142-A300-BB099DF4DB7F}.Debug|ARM64.Build.0 = Debug|ARM64
		{222394A3-D603-4142-A300-BB099DF4DB7F}.Debug|ARM64.Deploy.0 = Debug|ARM64
		{222394A3-D603-4142-A300-BB099DF4DB7F}.Debug|x64.ActiveCfg = Debug|x64
		{222394A3-D603-4142-A300-BB099DF4DB7F}.Debug|x64.Build.0 = Debug|x64
		{222394A3-D603-4142-A300-BB099DF4DB7F}.Debug|x64.Deploy.0 = Debug|x64
		{222394A3-D603-4142-A300-BB099DF4DB7F}.Debug|x86.ActiveCfg = Debug|x86
		{222394A3-D603-4142-A300-BB099DF4DB7F}.Debug|x86.Build.0 = Debug|x86
		{222394A3-D603-4142-A300-BB099DF4DB7F}.Debug|x86.Deploy.0 = Debug|x86
		{222394A3-D603-4142-A300-BB099DF4DB7F}.Demo|Any CPU.ActiveCfg = Debug|Any CPU
		{222394A3-D603-4142-A300-BB099DF4DB7F}.Demo|Any CPU.Build.0 = Debug|Any CPU
		{222394A3-D603-4142-A300-BB099DF4DB7F}.Demo|Any CPU.Deploy.0 = Debug|Any CPU
		{222394A3-D603-4142-A300-BB099DF4DB7F}.Demo|ARM.ActiveCfg = Debug|ARM
		{222394A3-D603-4142-A300-BB099DF4DB7F}.Demo|ARM.Build.0 = Debug|ARM
		{222394A3-D603-4142-A300-BB099DF4DB7F}.Demo|ARM.Deploy.0 = Debug|ARM
		{222394A3-D603-4142-A300-BB099DF4DB7F}.Demo|ARM64.ActiveCfg = Debug|ARM64
		{222394A3-D603-4142-A300-BB099DF4DB7F}.Demo|ARM64.Build.0 = Debug|ARM64
		{222394A3-D603-4142-A300-BB099DF4DB7F}.Demo|ARM64.Deploy.0 = Debug|ARM64
		{222394A3-D603-4142-A300-BB099DF4DB7F}.Demo|x64.ActiveCfg = Debug|x64
		{222394A3-D603-4142-A300-BB099DF4DB7F}.Demo|x64.Build.0 = Debug|x64
		{222394A3-D603-4142-A300-BB099DF4DB7F}.Demo|x64.Deploy.0 = Debug|x64
		{222394A3-D603-4142-A300-BB099DF4DB7F}.Demo|x86.ActiveCfg = Debug|x86
		{222394A3-D603-4142-A300-BB099DF4DB7F}.Demo|x86.Build.0 = Debug|x86
		{222394A3-D603-4142-A300-BB099DF4DB7F}.Demo|x86.Deploy.0 = Debug|x86
		{222394A3-D603-4142-A300-BB099DF4DB7F}.Release|Any CPU.ActiveCfg = Release|Any CPU
		{222394A3-D603-4142-A300-BB099DF4DB7F}.Release|Any CPU.Build.0 = Release|Any CPU
		{222394A3-D603-4142-A300-BB099DF4DB7F}.Release|Any CPU.Deploy.0 = Release|Any CPU
		{222394A3-D603-4142-A300-BB099DF4DB7F}.Release|ARM.ActiveCfg = Release|ARM
		{222394A3-D603-4142-A300-BB099DF4DB7F}.Release|ARM.Build.0 = Release|ARM
		{222394A3-D603-4142-A300-BB099DF4DB7F}.Release|ARM.Deploy.0 = Release|ARM
		{222394A3-D603-4142-A300-BB099DF4DB7F}.Release|ARM64.ActiveCfg = Release|ARM64
		{222394A3-D603-4142-A300-BB099DF4DB7F}.Release|ARM64.Build.0 = Release|ARM64
		{222394A3-D603-4142-A300-BB099DF4DB7F}.Release|ARM64.Deploy.0 = Release|ARM64
		{222394A3-D603-4142-A300-BB099DF4DB7F}.Release|x64.ActiveCfg = Release|x64
		{222394A3-D603-4142-A300-BB099DF4DB7F}.Release|x64.Build.0 = Release|x64
		{222394A3-D603-4142-A300-BB099DF4DB7F}.Release|x64.Deploy.0 = Release|x64
		{222394A3-D603-4142-A300-BB099DF4DB7F}.Release|x86.ActiveCfg = Release|x86
		{222394A3-D603-4142-A300-BB099DF4DB7F}.Release|x86.Build.0 = Release|x86
		{222394A3-D603-4142-A300-BB099DF4DB7F}.Release|x86.Deploy.0 = Release|x86
	EndGlobalSection
	GlobalSection(SolutionProperties) = preSolution
		HideSolutionNode = FALSE
	EndGlobalSection
	GlobalSection(ExtensibilityGlobals) = postSolution
		SolutionGuid = {391BA46A-6DC0-47E4-85B7-5448E38E09A3}
	EndGlobalSection
EndGlobal
